// !$*UTF8*$!
{
	archiveVersion = 1;
	classes = {
	};
	objectVersion = 46;
	objects = {

/* Begin PBXBuildFile section */
		E01739DD1B3798C500B9F3FF /* logo.png in Resources */ = {isa = PBXBuildFile; fileRef = E01739DC1B3798C500B9F3FF /* logo.png */; };
		E07E9ABC1B1E589100A9857B /* SocketAckManager.swift in Sources */ = {isa = PBXBuildFile; fileRef = E07E9AAF1B1E589100A9857B /* SocketAckManager.swift */; };
		E07E9ABD1B1E589100A9857B /* SocketAnyEvent.swift in Sources */ = {isa = PBXBuildFile; fileRef = E07E9AB01B1E589100A9857B /* SocketAnyEvent.swift */; };
		E07E9ABE1B1E589100A9857B /* SocketEngine.swift in Sources */ = {isa = PBXBuildFile; fileRef = E07E9AB11B1E589100A9857B /* SocketEngine.swift */; };
		E07E9ABF1B1E589100A9857B /* SocketEngineClient.swift in Sources */ = {isa = PBXBuildFile; fileRef = E07E9AB21B1E589100A9857B /* SocketEngineClient.swift */; };
		E07E9AC01B1E589100A9857B /* SocketEventHandler.swift in Sources */ = {isa = PBXBuildFile; fileRef = E07E9AB31B1E589100A9857B /* SocketEventHandler.swift */; };
		E07E9AC11B1E589100A9857B /* SocketFixUTF8.swift in Sources */ = {isa = PBXBuildFile; fileRef = E07E9AB41B1E589100A9857B /* SocketFixUTF8.swift */; };
		E07E9AC21B1E589100A9857B /* SocketIOClient.swift in Sources */ = {isa = PBXBuildFile; fileRef = E07E9AB51B1E589100A9857B /* SocketIOClient.swift */; };
		E07E9AC31B1E589100A9857B /* SocketLogger.swift in Sources */ = {isa = PBXBuildFile; fileRef = E07E9AB61B1E589100A9857B /* SocketLogger.swift */; };
		E07E9AC41B1E589100A9857B /* SocketPacket.swift in Sources */ = {isa = PBXBuildFile; fileRef = E07E9AB71B1E589100A9857B /* SocketPacket.swift */; };
		E07E9AC51B1E589100A9857B /* SocketParser.swift in Sources */ = {isa = PBXBuildFile; fileRef = E07E9AB81B1E589100A9857B /* SocketParser.swift */; };
		E07E9AC61B1E589100A9857B /* SocketTypes.swift in Sources */ = {isa = PBXBuildFile; fileRef = E07E9AB91B1E589100A9857B /* SocketTypes.swift */; };
		E07E9AC71B1E589100A9857B /* SwiftRegex.swift in Sources */ = {isa = PBXBuildFile; fileRef = E07E9ABA1B1E589100A9857B /* SwiftRegex.swift */; };
		E07E9AC81B1E589100A9857B /* WebSocket.swift in Sources */ = {isa = PBXBuildFile; fileRef = E07E9ABB1B1E589100A9857B /* WebSocket.swift */; };
		F106F8B61B19233E0091C930 /* AppDelegate.swift in Sources */ = {isa = PBXBuildFile; fileRef = F106F8B51B19233E0091C930 /* AppDelegate.swift */; };
		F106F8B81B19233E0091C930 /* FirstViewController.swift in Sources */ = {isa = PBXBuildFile; fileRef = F106F8B71B19233E0091C930 /* FirstViewController.swift */; };
		F106F8BB1B19233E0091C930 /* Main.storyboard in Resources */ = {isa = PBXBuildFile; fileRef = F106F8B91B19233E0091C930 /* Main.storyboard */; };
		F106F8BD1B19233E0091C930 /* Images.xcassets in Resources */ = {isa = PBXBuildFile; fileRef = F106F8BC1B19233E0091C930 /* Images.xcassets */; };
		F106F8C01B19233E0091C930 /* LaunchScreen.xib in Resources */ = {isa = PBXBuildFile; fileRef = F106F8BE1B19233E0091C930 /* LaunchScreen.xib */; };
		F106F8CC1B19233E0091C930 /* clickrAppTests.swift in Sources */ = {isa = PBXBuildFile; fileRef = F106F8CB1B19233E0091C930 /* clickrAppTests.swift */; };
		F106F8F11B1945500091C930 /* SecondViewController.swift in Sources */ = {isa = PBXBuildFile; fileRef = F106F8F01B1945500091C930 /* SecondViewController.swift */; };
/* End PBXBuildFile section */

/* Begin PBXContainerItemProxy section */
		F106F8C61B19233E0091C930 /* PBXContainerItemProxy */ = {
			isa = PBXContainerItemProxy;
			containerPortal = F106F8A81B19233E0091C930 /* Project object */;
			proxyType = 1;
			remoteGlobalIDString = F106F8AF1B19233E0091C930;
			remoteInfo = clickrApp;
		};
/* End PBXContainerItemProxy section */

/* Begin PBXFileReference section */
		E01739DC1B3798C500B9F3FF /* logo.png */ = {isa = PBXFileReference; lastKnownFileType = image.png; name = logo.png; path = ../../client/images/logo.png; sourceTree = "<group>"; };
		E07E9AAF1B1E589100A9857B /* SocketAckManager.swift */ = {isa = PBXFileReference; fileEncoding = 4; lastKnownFileType = sourcecode.swift; name = SocketAckManager.swift; path = "Socket.IO-Client-Swift-master/SocketIOClientSwift/SocketAckManager.swift"; sourceTree = SOURCE_ROOT; };
		E07E9AB01B1E589100A9857B /* SocketAnyEvent.swift */ = {isa = PBXFileReference; fileEncoding = 4; lastKnownFileType = sourcecode.swift; name = SocketAnyEvent.swift; path = "Socket.IO-Client-Swift-master/SocketIOClientSwift/SocketAnyEvent.swift"; sourceTree = SOURCE_ROOT; };
		E07E9AB11B1E589100A9857B /* SocketEngine.swift */ = {isa = PBXFileReference; fileEncoding = 4; lastKnownFileType = sourcecode.swift; name = SocketEngine.swift; path = "Socket.IO-Client-Swift-master/SocketIOClientSwift/SocketEngine.swift"; sourceTree = SOURCE_ROOT; };
		E07E9AB21B1E589100A9857B /* SocketEngineClient.swift */ = {isa = PBXFileReference; fileEncoding = 4; lastKnownFileType = sourcecode.swift; name = SocketEngineClient.swift; path = "Socket.IO-Client-Swift-master/SocketIOClientSwift/SocketEngineClient.swift"; sourceTree = SOURCE_ROOT; };
		E07E9AB31B1E589100A9857B /* SocketEventHandler.swift */ = {isa = PBXFileReference; fileEncoding = 4; lastKnownFileType = sourcecode.swift; name = SocketEventHandler.swift; path = "Socket.IO-Client-Swift-master/SocketIOClientSwift/SocketEventHandler.swift"; sourceTree = SOURCE_ROOT; };
		E07E9AB41B1E589100A9857B /* SocketFixUTF8.swift */ = {isa = PBXFileReference; fileEncoding = 4; lastKnownFileType = sourcecode.swift; name = SocketFixUTF8.swift; path = "Socket.IO-Client-Swift-master/SocketIOClientSwift/SocketFixUTF8.swift"; sourceTree = SOURCE_ROOT; };
		E07E9AB51B1E589100A9857B /* SocketIOClient.swift */ = {isa = PBXFileReference; fileEncoding = 4; lastKnownFileType = sourcecode.swift; name = SocketIOClient.swift; path = "Socket.IO-Client-Swift-master/SocketIOClientSwift/SocketIOClient.swift"; sourceTree = SOURCE_ROOT; };
		E07E9AB61B1E589100A9857B /* SocketLogger.swift */ = {isa = PBXFileReference; fileEncoding = 4; lastKnownFileType = sourcecode.swift; name = SocketLogger.swift; path = "Socket.IO-Client-Swift-master/SocketIOClientSwift/SocketLogger.swift"; sourceTree = SOURCE_ROOT; };
		E07E9AB71B1E589100A9857B /* SocketPacket.swift */ = {isa = PBXFileReference; fileEncoding = 4; lastKnownFileType = sourcecode.swift; name = SocketPacket.swift; path = "Socket.IO-Client-Swift-master/SocketIOClientSwift/SocketPacket.swift"; sourceTree = SOURCE_ROOT; };
		E07E9AB81B1E589100A9857B /* SocketParser.swift */ = {isa = PBXFileReference; fileEncoding = 4; lastKnownFileType = sourcecode.swift; name = SocketParser.swift; path = "Socket.IO-Client-Swift-master/SocketIOClientSwift/SocketParser.swift"; sourceTree = SOURCE_ROOT; };
		E07E9AB91B1E589100A9857B /* SocketTypes.swift */ = {isa = PBXFileReference; fileEncoding = 4; lastKnownFileType = sourcecode.swift; name = SocketTypes.swift; path = "Socket.IO-Client-Swift-master/SocketIOClientSwift/SocketTypes.swift"; sourceTree = SOURCE_ROOT; };
		E07E9ABA1B1E589100A9857B /* SwiftRegex.swift */ = {isa = PBXFileReference; fileEncoding = 4; lastKnownFileType = sourcecode.swift; name = SwiftRegex.swift; path = "Socket.IO-Client-Swift-master/SocketIOClientSwift/SwiftRegex.swift"; sourceTree = SOURCE_ROOT; };
		E07E9ABB1B1E589100A9857B /* WebSocket.swift */ = {isa = PBXFileReference; fileEncoding = 4; lastKnownFileType = sourcecode.swift; name = WebSocket.swift; path = "Socket.IO-Client-Swift-master/SocketIOClientSwift/WebSocket.swift"; sourceTree = SOURCE_ROOT; };
		F106F8B01B19233E0091C930 /* clickrApp.app */ = {isa = PBXFileReference; explicitFileType = wrapper.application; includeInIndex = 0; path = clickrApp.app; sourceTree = BUILT_PRODUCTS_DIR; };
		F106F8B41B19233E0091C930 /* Info.plist */ = {isa = PBXFileReference; lastKnownFileType = text.plist.xml; path = Info.plist; sourceTree = "<group>"; };
		F106F8B51B19233E0091C930 /* AppDelegate.swift */ = {isa = PBXFileReference; lastKnownFileType = sourcecode.swift; path = AppDelegate.swift; sourceTree = "<group>"; };
		F106F8B71B19233E0091C930 /* FirstViewController.swift */ = {isa = PBXFileReference; lastKnownFileType = sourcecode.swift; path = FirstViewController.swift; sourceTree = "<group>"; };
		F106F8BA1B19233E0091C930 /* Base */ = {isa = PBXFileReference; lastKnownFileType = file.storyboard; name = Base; path = Base.lproj/Main.storyboard; sourceTree = "<group>"; };
		F106F8BC1B19233E0091C930 /* Images.xcassets */ = {isa = PBXFileReference; lastKnownFileType = folder.assetcatalog; path = Images.xcassets; sourceTree = "<group>"; };
		F106F8BF1B19233E0091C930 /* Base */ = {isa = PBXFileReference; lastKnownFileType = file.xib; name = Base; path = Base.lproj/LaunchScreen.xib; sourceTree = "<group>"; };
		F106F8C51B19233E0091C930 /* clickrAppTests.xctest */ = {isa = PBXFileReference; explicitFileType = wrapper.cfbundle; includeInIndex = 0; path = clickrAppTests.xctest; sourceTree = BUILT_PRODUCTS_DIR; };
		F106F8CA1B19233E0091C930 /* Info.plist */ = {isa = PBXFileReference; lastKnownFileType = text.plist.xml; path = Info.plist; sourceTree = "<group>"; };
		F106F8CB1B19233E0091C930 /* clickrAppTests.swift */ = {isa = PBXFileReference; lastKnownFileType = sourcecode.swift; path = clickrAppTests.swift; sourceTree = "<group>"; };
		F106F8F01B1945500091C930 /* SecondViewController.swift */ = {isa = PBXFileReference; fileEncoding = 4; lastKnownFileType = sourcecode.swift; path = SecondViewController.swift; sourceTree = "<group>"; };
/* End PBXFileReference section */

/* Begin PBXFrameworksBuildPhase section */
		F106F8AD1B19233E0091C930 /* Frameworks */ = {
			isa = PBXFrameworksBuildPhase;
			buildActionMask = 2147483647;
			files = (
			);
			runOnlyForDeploymentPostprocessing = 0;
		};
		F106F8C21B19233E0091C930 /* Frameworks */ = {
			isa = PBXFrameworksBuildPhase;
			buildActionMask = 2147483647;
			files = (
			);
			runOnlyForDeploymentPostprocessing = 0;
		};
/* End PBXFrameworksBuildPhase section */

/* Begin PBXGroup section */
		F106F8A71B19233E0091C930 = {
			isa = PBXGroup;
			children = (
				F106F8B21B19233E0091C930 /* clickrApp */,
				F106F8C81B19233E0091C930 /* clickrAppTests */,
				F106F8B11B19233E0091C930 /* Products */,
			);
			sourceTree = "<group>";
		};
		F106F8B11B19233E0091C930 /* Products */ = {
			isa = PBXGroup;
			children = (
				F106F8B01B19233E0091C930 /* clickrApp.app */,
				F106F8C51B19233E0091C930 /* clickrAppTests.xctest */,
			);
			name = Products;
			sourceTree = "<group>";
		};
		F106F8B21B19233E0091C930 /* clickrApp */ = {
			isa = PBXGroup;
			children = (
				F106F8D51B1924800091C930 /* SocketIO */,
				F106F8B51B19233E0091C930 /* AppDelegate.swift */,
				F106F8B71B19233E0091C930 /* FirstViewController.swift */,
				F106F8F01B1945500091C930 /* SecondViewController.swift */,
				F106F8B91B19233E0091C930 /* Main.storyboard */,
				F106F8BC1B19233E0091C930 /* Images.xcassets */,
				F106F8BE1B19233E0091C930 /* LaunchScreen.xib */,
				F106F8B31B19233E0091C930 /* Supporting Files */,
			);
			path = clickrApp;
			sourceTree = "<group>";
		};
		F106F8B31B19233E0091C930 /* Supporting Files */ = {
			isa = PBXGroup;
			children = (
				E01739DC1B3798C500B9F3FF /* logo.png */,
				F106F8B41B19233E0091C930 /* Info.plist */,
			);
			name = "Supporting Files";
			sourceTree = "<group>";
		};
		F106F8C81B19233E0091C930 /* clickrAppTests */ = {
			isa = PBXGroup;
			children = (
				F106F8CB1B19233E0091C930 /* clickrAppTests.swift */,
				F106F8C91B19233E0091C930 /* Supporting Files */,
			);
			path = clickrAppTests;
			sourceTree = "<group>";
		};
		F106F8C91B19233E0091C930 /* Supporting Files */ = {
			isa = PBXGroup;
			children = (
				F106F8CA1B19233E0091C930 /* Info.plist */,
			);
			name = "Supporting Files";
			sourceTree = "<group>";
		};
		F106F8D51B1924800091C930 /* SocketIO */ = {
			isa = PBXGroup;
			children = (
				E07E9AAF1B1E589100A9857B /* SocketAckManager.swift */,
				E07E9AB01B1E589100A9857B /* SocketAnyEvent.swift */,
				E07E9AB11B1E589100A9857B /* SocketEngine.swift */,
				E07E9AB21B1E589100A9857B /* SocketEngineClient.swift */,
				E07E9AB31B1E589100A9857B /* SocketEventHandler.swift */,
				E07E9AB41B1E589100A9857B /* SocketFixUTF8.swift */,
				E07E9AB51B1E589100A9857B /* SocketIOClient.swift */,
				E07E9AB61B1E589100A9857B /* SocketLogger.swift */,
				E07E9AB71B1E589100A9857B /* SocketPacket.swift */,
				E07E9AB81B1E589100A9857B /* SocketParser.swift */,
				E07E9AB91B1E589100A9857B /* SocketTypes.swift */,
				E07E9ABA1B1E589100A9857B /* SwiftRegex.swift */,
				E07E9ABB1B1E589100A9857B /* WebSocket.swift */,
			);
			name = SocketIO;
			sourceTree = "<group>";
		};
/* End PBXGroup section */

/* Begin PBXNativeTarget section */
		F106F8AF1B19233E0091C930 /* clickrApp */ = {
			isa = PBXNativeTarget;
			buildConfigurationList = F106F8CF1B19233E0091C930 /* Build configuration list for PBXNativeTarget "clickrApp" */;
			buildPhases = (
				F106F8AC1B19233E0091C930 /* Sources */,
				F106F8AD1B19233E0091C930 /* Frameworks */,
				F106F8AE1B19233E0091C930 /* Resources */,
			);
			buildRules = (
			);
			dependencies = (
			);
			name = clickrApp;
			productName = clickrApp;
			productReference = F106F8B01B19233E0091C930 /* clickrApp.app */;
			productType = "com.apple.product-type.application";
		};
		F106F8C41B19233E0091C930 /* clickrAppTests */ = {
			isa = PBXNativeTarget;
			buildConfigurationList = F106F8D21B19233E0091C930 /* Build configuration list for PBXNativeTarget "clickrAppTests" */;
			buildPhases = (
				F106F8C11B19233E0091C930 /* Sources */,
				F106F8C21B19233E0091C930 /* Frameworks */,
				F106F8C31B19233E0091C930 /* Resources */,
			);
			buildRules = (
			);
			dependencies = (
				F106F8C71B19233E0091C930 /* PBXTargetDependency */,
			);
			name = clickrAppTests;
			productName = clickrAppTests;
			productReference = F106F8C51B19233E0091C930 /* clickrAppTests.xctest */;
			productType = "com.apple.product-type.bundle.unit-test";
		};
/* End PBXNativeTarget section */

/* Begin PBXProject section */
		F106F8A81B19233E0091C930 /* Project object */ = {
			isa = PBXProject;
			attributes = {
				LastUpgradeCheck = 0630;
				ORGANIZATIONNAME = "Courtney Jong";
				TargetAttributes = {
					F106F8AF1B19233E0091C930 = {
						CreatedOnToolsVersion = 6.3.2;
					};
					F106F8C41B19233E0091C930 = {
						CreatedOnToolsVersion = 6.3.2;
						TestTargetID = F106F8AF1B19233E0091C930;
					};
				};
			};
			buildConfigurationList = F106F8AB1B19233E0091C930 /* Build configuration list for PBXProject "clickrApp" */;
			compatibilityVersion = "Xcode 3.2";
			developmentRegion = English;
			hasScannedForEncodings = 0;
			knownRegions = (
				en,
				Base,
			);
			mainGroup = F106F8A71B19233E0091C930;
			productRefGroup = F106F8B11B19233E0091C930 /* Products */;
			projectDirPath = "";
			projectRoot = "";
			targets = (
				F106F8AF1B19233E0091C930 /* clickrApp */,
				F106F8C41B19233E0091C930 /* clickrAppTests */,
			);
		};
/* End PBXProject section */

/* Begin PBXResourcesBuildPhase section */
		F106F8AE1B19233E0091C930 /* Resources */ = {
			isa = PBXResourcesBuildPhase;
			buildActionMask = 2147483647;
			files = (
				E01739DD1B3798C500B9F3FF /* logo.png in Resources */,
				F106F8BB1B19233E0091C930 /* Main.storyboard in Resources */,
				F106F8C01B19233E0091C930 /* LaunchScreen.xib in Resources */,
				F106F8BD1B19233E0091C930 /* Images.xcassets in Resources */,
			);
			runOnlyForDeploymentPostprocessing = 0;
		};
		F106F8C31B19233E0091C930 /* Resources */ = {
			isa = PBXResourcesBuildPhase;
			buildActionMask = 2147483647;
			files = (
			);
			runOnlyForDeploymentPostprocessing = 0;
		};
/* End PBXResourcesBuildPhase section */

/* Begin PBXSourcesBuildPhase section */
		F106F8AC1B19233E0091C930 /* Sources */ = {
			isa = PBXSourcesBuildPhase;
			buildActionMask = 2147483647;
			files = (
				E07E9AC51B1E589100A9857B /* SocketParser.swift in Sources */,
				E07E9AC81B1E589100A9857B /* WebSocket.swift in Sources */,
				E07E9AC11B1E589100A9857B /* SocketFixUTF8.swift in Sources */,
				E07E9AC71B1E589100A9857B /* SwiftRegex.swift in Sources */,
				E07E9ABF1B1E589100A9857B /* SocketEngineClient.swift in Sources */,
				E07E9ABE1B1E589100A9857B /* SocketEngine.swift in Sources */,
				E07E9AC61B1E589100A9857B /* SocketTypes.swift in Sources */,
				E07E9ABD1B1E589100A9857B /* SocketAnyEvent.swift in Sources */,
				E07E9ABC1B1E589100A9857B /* SocketAckManager.swift in Sources */,
				E07E9AC21B1E589100A9857B /* SocketIOClient.swift in Sources */,
				E07E9AC01B1E589100A9857B /* SocketEventHandler.swift in Sources */,
				F106F8F11B1945500091C930 /* SecondViewController.swift in Sources */,
				F106F8B81B19233E0091C930 /* FirstViewController.swift in Sources */,
				E07E9AC31B1E589100A9857B /* SocketLogger.swift in Sources */,
				E07E9AC41B1E589100A9857B /* SocketPacket.swift in Sources */,
				F106F8B61B19233E0091C930 /* AppDelegate.swift in Sources */,
			);
			runOnlyForDeploymentPostprocessing = 0;
		};
		F106F8C11B19233E0091C930 /* Sources */ = {
			isa = PBXSourcesBuildPhase;
			buildActionMask = 2147483647;
			files = (
				F106F8CC1B19233E0091C930 /* clickrAppTests.swift in Sources */,
			);
			runOnlyForDeploymentPostprocessing = 0;
		};
/* End PBXSourcesBuildPhase section */

/* Begin PBXTargetDependency section */
		F106F8C71B19233E0091C930 /* PBXTargetDependency */ = {
			isa = PBXTargetDependency;
			target = F106F8AF1B19233E0091C930 /* clickrApp */;
			targetProxy = F106F8C61B19233E0091C930 /* PBXContainerItemProxy */;
		};
/* End PBXTargetDependency section */

/* Begin PBXVariantGroup section */
		F106F8B91B19233E0091C930 /* Main.storyboard */ = {
			isa = PBXVariantGroup;
			children = (
				F106F8BA1B19233E0091C930 /* Base */,
			);
			name = Main.storyboard;
			sourceTree = "<group>";
		};
		F106F8BE1B19233E0091C930 /* LaunchScreen.xib */ = {
			isa = PBXVariantGroup;
			children = (
				F106F8BF1B19233E0091C930 /* Base */,
			);
			name = LaunchScreen.xib;
			sourceTree = "<group>";
		};
/* End PBXVariantGroup section */

/* Begin XCBuildConfiguration section */
		F106F8CD1B19233E0091C930 /* Debug */ = {
			isa = XCBuildConfiguration;
			buildSettings = {
				ALWAYS_SEARCH_USER_PATHS = NO;
				CLANG_CXX_LANGUAGE_STANDARD = "gnu++0x";
				CLANG_CXX_LIBRARY = "libc++";
				CLANG_ENABLE_MODULES = YES;
				CLANG_ENABLE_OBJC_ARC = YES;
				CLANG_WARN_BOOL_CONVERSION = YES;
				CLANG_WARN_CONSTANT_CONVERSION = YES;
				CLANG_WARN_DIRECT_OBJC_ISA_USAGE = YES_ERROR;
				CLANG_WARN_EMPTY_BODY = YES;
				CLANG_WARN_ENUM_CONVERSION = YES;
				CLANG_WARN_INT_CONVERSION = YES;
				CLANG_WARN_OBJC_ROOT_CLASS = YES_ERROR;
				CLANG_WARN_UNREACHABLE_CODE = YES;
				CLANG_WARN__DUPLICATE_METHOD_MATCH = YES;
				"CODE_SIGN_IDENTITY[sdk=iphoneos*]" = "iPhone Developer";
				COPY_PHASE_STRIP = NO;
				DEBUG_INFORMATION_FORMAT = "dwarf-with-dsym";
				ENABLE_STRICT_OBJC_MSGSEND = YES;
				GCC_C_LANGUAGE_STANDARD = gnu99;
				GCC_DYNAMIC_NO_PIC = NO;
				GCC_NO_COMMON_BLOCKS = YES;
				GCC_OPTIMIZATION_LEVEL = 0;
				GCC_PREPROCESSOR_DEFINITIONS = (
					"DEBUG=1",
					"$(inherited)",
				);
				GCC_SYMBOLS_PRIVATE_EXTERN = NO;
				GCC_WARN_64_TO_32_BIT_CONVERSION = YES;
				GCC_WARN_ABOUT_RETURN_TYPE = YES_ERROR;
				GCC_WARN_UNDECLARED_SELECTOR = YES;
				GCC_WARN_UNINITIALIZED_AUTOS = YES_AGGRESSIVE;
				GCC_WARN_UNUSED_FUNCTION = YES;
				GCC_WARN_UNUSED_VARIABLE = YES;
				IPHONEOS_DEPLOYMENT_TARGET = 8.3;
				MTL_ENABLE_DEBUG_INFO = YES;
				ONLY_ACTIVE_ARCH = YES;
				SDKROOT = iphoneos;
				SWIFT_OPTIMIZATION_LEVEL = "-Onone";
			};
			name = Debug;
		};
		F106F8CE1B19233E0091C930 /* Release */ = {
			isa = XCBuildConfiguration;
			buildSettings = {
				ALWAYS_SEARCH_USER_PATHS = NO;
				CLANG_CXX_LANGUAGE_STANDARD = "gnu++0x";
				CLANG_CXX_LIBRARY = "libc++";
				CLANG_ENABLE_MODULES = YES;
				CLANG_ENABLE_OBJC_ARC = YES;
				CLANG_WARN_BOOL_CONVERSION = YES;
				CLANG_WARN_CONSTANT_CONVERSION = YES;
				CLANG_WARN_DIRECT_OBJC_ISA_USAGE = YES_ERROR;
				CLANG_WARN_EMPTY_BODY = YES;
				CLANG_WARN_ENUM_CONVERSION = YES;
				CLANG_WARN_INT_CONVERSION = YES;
				CLANG_WARN_OBJC_ROOT_CLASS = YES_ERROR;
				CLANG_WARN_UNREACHABLE_CODE = YES;
				CLANG_WARN__DUPLICATE_METHOD_MATCH = YES;
				"CODE_SIGN_IDENTITY[sdk=iphoneos*]" = "iPhone Developer";
				COPY_PHASE_STRIP = NO;
				DEBUG_INFORMATION_FORMAT = "dwarf-with-dsym";
				ENABLE_NS_ASSERTIONS = NO;
				ENABLE_STRICT_OBJC_MSGSEND = YES;
				GCC_C_LANGUAGE_STANDARD = gnu99;
				GCC_NO_COMMON_BLOCKS = YES;
				GCC_WARN_64_TO_32_BIT_CONVERSION = YES;
				GCC_WARN_ABOUT_RETURN_TYPE = YES_ERROR;
				GCC_WARN_UNDECLARED_SELECTOR = YES;
				GCC_WARN_UNINITIALIZED_AUTOS = YES_AGGRESSIVE;
				GCC_WARN_UNUSED_FUNCTION = YES;
				GCC_WARN_UNUSED_VARIABLE = YES;
				IPHONEOS_DEPLOYMENT_TARGET = 8.3;
				MTL_ENABLE_DEBUG_INFO = NO;
				SDKROOT = iphoneos;
				VALIDATE_PRODUCT = YES;
			};
			name = Release;
		};
		F106F8D01B19233E0091C930 /* Debug */ = {
			isa = XCBuildConfiguration;
			buildSettings = {
				ASSETCATALOG_COMPILER_APPICON_NAME = AppIcon;
				INFOPLIST_FILE = clickrApp/Info.plist;
				LD_RUNPATH_SEARCH_PATHS = "$(inherited) @executable_path/Frameworks";
				PRODUCT_NAME = "$(TARGET_NAME)";
			};
			name = Debug;
		};
		F106F8D11B19233E0091C930 /* Release */ = {
			isa = XCBuildConfiguration;
			buildSettings = {
				ASSETCATALOG_COMPILER_APPICON_NAME = AppIcon;
				INFOPLIST_FILE = clickrApp/Info.plist;
				LD_RUNPATH_SEARCH_PATHS = "$(inherited) @executable_path/Frameworks";
				PRODUCT_NAME = "$(TARGET_NAME)";
			};
			name = Release;
		};
		F106F8D31B19233E0091C930 /* Debug */ = {
			isa = XCBuildConfiguration;
			buildSettings = {
				BUNDLE_LOADER = "$(TEST_HOST)";
				FRAMEWORK_SEARCH_PATHS = (
					"$(SDKROOT)/Developer/Library/Frameworks",
					"$(inherited)",
				);
				GCC_PREPROCESSOR_DEFINITIONS = (
					"DEBUG=1",
					"$(inherited)",
				);
				INFOPLIST_FILE = clickrAppTests/Info.plist;
				LD_RUNPATH_SEARCH_PATHS = "$(inherited) @executable_path/Frameworks @loader_path/Frameworks";
				PRODUCT_NAME = "$(TARGET_NAME)";
				TEST_HOST = "$(BUILT_PRODUCTS_DIR)/clickrApp.app/clickrApp";
			};
			name = Debug;
		};
		F106F8D41B19233E0091C930 /* Release */ = {
			isa = XCBuildConfiguration;
			buildSettings = {
				BUNDLE_LOADER = "$(TEST_HOST)";
				FRAMEWORK_SEARCH_PATHS = (
					"$(SDKROOT)/Developer/Library/Frameworks",
					"$(inherited)",
				);
				INFOPLIST_FILE = clickrAppTests/Info.plist;
				LD_RUNPATH_SEARCH_PATHS = "$(inherited) @executable_path/Frameworks @loader_path/Frameworks";
				PRODUCT_NAME = "$(TARGET_NAME)";
				TEST_HOST = "$(BUILT_PRODUCTS_DIR)/clickrApp.app/clickrApp";
			};
			name = Release;
		};
/* End XCBuildConfiguration section */

/* Begin XCConfigurationList section */
		F106F8AB1B19233E0091C930 /* Build configuration list for PBXProject "clickrApp" */ = {
			isa = XCConfigurationList;
			buildConfigurations = (
				F106F8CD1B19233E0091C930 /* Debug */,
				F106F8CE1B19233E0091C930 /* Release */,
			);
			defaultConfigurationIsVisible = 0;
			defaultConfigurationName = Release;
		};
		F106F8CF1B19233E0091C930 /* Build configuration list for PBXNativeTarget "clickrApp" */ = {
			isa = XCConfigurationList;
			buildConfigurations = (
				F106F8D01B19233E0091C930 /* Debug */,
				F106F8D11B19233E0091C930 /* Release */,
			);
			defaultConfigurationIsVisible = 0;
			defaultConfigurationName = Release;
		};
		F106F8D21B19233E0091C930 /* Build configuration list for PBXNativeTarget "clickrAppTests" */ = {
			isa = XCConfigurationList;
			buildConfigurations = (
				F106F8D31B19233E0091C930 /* Debug */,
				F106F8D41B19233E0091C930 /* Release */,
			);
			defaultConfigurationIsVisible = 0;
			defaultConfigurationName = Release;
		};
/* End XCConfigurationList section */
	};
	rootObject = F106F8A81B19233E0091C930 /* Project object */;
}
